// !$*UTF8*$!
{
	archiveVersion = 1;
	classes = {
	};
	objectVersion = 46;
	objects = {

/* Begin PBXBuildFile section */
		9CF3BDC11C6CE06400F94AC4 /* main.cpp in Sources */ = {isa = PBXBuildFile; fileRef = 9CF3BDC01C6CE06400F94AC4 /* main.cpp */; };
		9CF3BDCE1C6CE13100F94AC4 /* main.cpp in Sources */ = {isa = PBXBuildFile; fileRef = 9CF3BDCD1C6CE13100F94AC4 /* main.cpp */; };
		9CF3BDD31C6CE16100F94AC4 /* gtest.framework in Frameworks */ = {isa = PBXBuildFile; fileRef = 9CF3BDD21C6CE16100F94AC4 /* gtest.framework */; };
/* End PBXBuildFile section */

/* Begin PBXCopyFilesBuildPhase section */
		9CF3BDBB1C6CE06400F94AC4 /* CopyFiles */ = {
			isa = PBXCopyFilesBuildPhase;
			buildActionMask = 2147483647;
			dstPath = /usr/share/man/man1/;
			dstSubfolderSpec = 0;
			files = (
			);
			runOnlyForDeploymentPostprocessing = 1;
		};
		9CF3BDC91C6CE13100F94AC4 /* CopyFiles */ = {
			isa = PBXCopyFilesBuildPhase;
			buildActionMask = 2147483647;
			dstPath = /usr/share/man/man1/;
			dstSubfolderSpec = 0;
			files = (
			);
			runOnlyForDeploymentPostprocessing = 1;
		};
/* End PBXCopyFilesBuildPhase section */

/* Begin PBXFileReference section */
		9CF3BDBD1C6CE06400F94AC4 /* Pillar_Pair */ = {isa = PBXFileReference; explicitFileType = "compiled.mach-o.executable"; includeInIndex = 0; path = Pillar_Pair; sourceTree = BUILT_PRODUCTS_DIR; };
		9CF3BDC01C6CE06400F94AC4 /* main.cpp */ = {isa = PBXFileReference; lastKnownFileType = sourcecode.cpp.cpp; path = main.cpp; sourceTree = "<group>"; };
		9CF3BDCB1C6CE13100F94AC4 /* Tests */ = {isa = PBXFileReference; explicitFileType = "compiled.mach-o.executable"; includeInIndex = 0; path = Tests; sourceTree = BUILT_PRODUCTS_DIR; };
		9CF3BDCD1C6CE13100F94AC4 /* main.cpp */ = {isa = PBXFileReference; lastKnownFileType = sourcecode.cpp.cpp; path = main.cpp; sourceTree = "<group>"; };
		9CF3BDD21C6CE16100F94AC4 /* gtest.framework */ = {isa = PBXFileReference; lastKnownFileType = wrapper.framework; name = gtest.framework; path = ../../../Desktop/gtest.framework; sourceTree = "<group>"; };
		9CF3BDD41C6CE1F100F94AC4 /* tests.h */ = {isa = PBXFileReference; lastKnownFileType = sourcecode.c.h; path = tests.h; sourceTree = "<group>"; };
/* End PBXFileReference section */

/* Begin PBXFrameworksBuildPhase section */
		9CF3BDBA1C6CE06400F94AC4 /* Frameworks */ = {
			isa = PBXFrameworksBuildPhase;
			buildActionMask = 2147483647;
			files = (
			);
			runOnlyForDeploymentPostprocessing = 0;
		};
		9CF3BDC81C6CE13100F94AC4 /* Frameworks */ = {
			isa = PBXFrameworksBuildPhase;
			buildActionMask = 2147483647;
			files = (
				9CF3BDD31C6CE16100F94AC4 /* gtest.framework in Frameworks */,
			);
			runOnlyForDeploymentPostprocessing = 0;
		};
/* End PBXFrameworksBuildPhase section */

/* Begin PBXGroup section */
		9CF3BDB41C6CE06400F94AC4 = {
			isa = PBXGroup;
			children = (
				9CF3BDD21C6CE16100F94AC4 /* gtest.framework */,
				9CF3BDBF1C6CE06400F94AC4 /* Pillar_Pair */,
				9CF3BDCC1C6CE13100F94AC4 /* Tests */,
				9CF3BDBE1C6CE06400F94AC4 /* Products */,
			);
			sourceTree = "<group>";
		};
		9CF3BDBE1C6CE06400F94AC4 /* Products */ = {
			isa = PBXGroup;
			children = (
				9CF3BDBD1C6CE06400F94AC4 /* Pillar_Pair */,
				9CF3BDCB1C6CE13100F94AC4 /* Tests */,
			);
			name = Products;
			sourceTree = "<group>";
		};
		9CF3BDBF1C6CE06400F94AC4 /* Pillar_Pair */ = {
			isa = PBXGroup;
			children = (
				9CF3BDC01C6CE06400F94AC4 /* main.cpp */,
				9CF3BDD41C6CE1F100F94AC4 /* tests.h */,
			);
			path = Pillar_Pair;
			sourceTree = "<group>";
		};
		9CF3BDCC1C6CE13100F94AC4 /* Tests */ = {
			isa = PBXGroup;
			children = (
				9CF3BDCD1C6CE13100F94AC4 /* main.cpp */,
			);
			path = Tests;
			sourceTree = "<group>";
		};
/* End PBXGroup section */

/* Begin PBXNativeTarget section */
		9CF3BDBC1C6CE06400F94AC4 /* Pillar_Pair */ = {
			isa = PBXNativeTarget;
			buildConfigurationList = 9CF3BDC41C6CE06400F94AC4 /* Build configuration list for PBXNativeTarget "Pillar_Pair" */;
			buildPhases = (
				9CF3BDB91C6CE06400F94AC4 /* Sources */,
				9CF3BDBA1C6CE06400F94AC4 /* Frameworks */,
				9CF3BDBB1C6CE06400F94AC4 /* CopyFiles */,
			);
			buildRules = (
			);
			dependencies = (
			);
			name = Pillar_Pair;
			productName = Pillar_Pair;
			productReference = 9CF3BDBD1C6CE06400F94AC4 /* Pillar_Pair */;
			productType = "com.apple.product-type.tool";
		};
		9CF3BDCA1C6CE13100F94AC4 /* Tests */ = {
			isa = PBXNativeTarget;
			buildConfigurationList = 9CF3BDCF1C6CE13100F94AC4 /* Build configuration list for PBXNativeTarget "Tests" */;
			buildPhases = (
				9CF3BDC71C6CE13100F94AC4 /* Sources */,
				9CF3BDC81C6CE13100F94AC4 /* Frameworks */,
				9CF3BDC91C6CE13100F94AC4 /* CopyFiles */,
			);
			buildRules = (
			);
			dependencies = (
			);
			name = Tests;
			productName = Tests;
			productReference = 9CF3BDCB1C6CE13100F94AC4 /* Tests */;
			productType = "com.apple.product-type.tool";
		};
/* End PBXNativeTarget section */

/* Begin PBXProject section */
		9CF3BDB51C6CE06400F94AC4 /* Project object */ = {
			isa = PBXProject;
			attributes = {
				LastUpgradeCheck = 0720;
				ORGANIZATIONNAME = "Ben Kohl";
				TargetAttributes = {
					9CF3BDBC1C6CE06400F94AC4 = {
						CreatedOnToolsVersion = 7.2;
					};
					9CF3BDCA1C6CE13100F94AC4 = {
						CreatedOnToolsVersion = 7.2;
					};
				};
			};
			buildConfigurationList = 9CF3BDB81C6CE06400F94AC4 /* Build configuration list for PBXProject "Pillar_Pair" */;
			compatibilityVersion = "Xcode 3.2";
			developmentRegion = English;
			hasScannedForEncodings = 0;
			knownRegions = (
				en,
			);
			mainGroup = 9CF3BDB41C6CE06400F94AC4;
			productRefGroup = 9CF3BDBE1C6CE06400F94AC4 /* Products */;
			projectDirPath = "";
			projectRoot = "";
			targets = (
				9CF3BDBC1C6CE06400F94AC4 /* Pillar_Pair */,
				9CF3BDCA1C6CE13100F94AC4 /* Tests */,
			);
		};
/* End PBXProject section */

/* Begin PBXSourcesBuildPhase section */
		9CF3BDB91C6CE06400F94AC4 /* Sources */ = {
			isa = PBXSourcesBuildPhase;
			buildActionMask = 2147483647;
			files = (
				9CF3BDC11C6CE06400F94AC4 /* main.cpp in Sources */,
			);
			runOnlyForDeploymentPostprocessing = 0;
		};
		9CF3BDC71C6CE13100F94AC4 /* Sources */ = {
			isa = PBXSourcesBuildPhase;
			buildActionMask = 2147483647;
			files = (
				9CF3BDCE1C6CE13100F94AC4 /* main.cpp in Sources */,
			);
			runOnlyForDeploymentPostprocessing = 0;
		};
/* End PBXSourcesBuildPhase section */

/* Begin XCBuildConfiguration section */
		9CF3BDC21C6CE06400F94AC4 /* Debug */ = {
			isa = XCBuildConfiguration;
			buildSettings = {
				ALWAYS_SEARCH_USER_PATHS = NO;
				CLANG_CXX_LANGUAGE_STANDARD = "gnu++0x";
				CLANG_CXX_LIBRARY = "libc++";
				CLANG_ENABLE_MODULES = YES;
				CLANG_ENABLE_OBJC_ARC = YES;
				CLANG_WARN_BOOL_CONVERSION = YES;
				CLANG_WARN_CONSTANT_CONVERSION = YES;
				CLANG_WARN_DIRECT_OBJC_ISA_USAGE = YES_ERROR;
				CLANG_WARN_EMPTY_BODY = YES;
				CLANG_WARN_ENUM_CONVERSION = YES;
				CLANG_WARN_INT_CONVERSION = YES;
				CLANG_WARN_OBJC_ROOT_CLASS = YES_ERROR;
				CLANG_WARN_UNREACHABLE_CODE = YES;
				CLANG_WARN__DUPLICATE_METHOD_MATCH = YES;
				CODE_SIGN_IDENTITY = "-";
				COPY_PHASE_STRIP = NO;
				DEBUG_INFORMATION_FORMAT = dwarf;
				ENABLE_STRICT_OBJC_MSGSEND = YES;
				ENABLE_TESTABILITY = YES;
				GCC_C_LANGUAGE_STANDARD = gnu99;
				GCC_DYNAMIC_NO_PIC = NO;
				GCC_NO_COMMON_BLOCKS = YES;
				GCC_OPTIMIZATION_LEVEL = 0;
				GCC_PREPROCESSOR_DEFINITIONS = (
					"DEBUG=1",
					"$(inherited)",
				);
				GCC_WARN_64_TO_32_BIT_CONVERSION = YES;
				GCC_WARN_ABOUT_RETURN_TYPE = YES_ERROR;
				GCC_WARN_UNDECLARED_SELECTOR = YES;
				GCC_WARN_UNINITIALIZED_AUTOS = YES_AGGRESSIVE;
				GCC_WARN_UNUSED_FUNCTION = YES;
				GCC_WARN_UNUSED_VARIABLE = YES;
				MACOSX_DEPLOYMENT_TARGET = 10.11;
				MTL_ENABLE_DEBUG_INFO = YES;
				ONLY_ACTIVE_ARCH = YES;
				SDKROOT = macosx;
			};
			name = Debug;
		};
		9CF3BDC31C6CE06400F94AC4 /* Release */ = {
			isa = XCBuildConfiguration;
			buildSettings = {
				ALWAYS_SEARCH_USER_PATHS = NO;
				CLANG_CXX_LANGUAGE_STANDARD = "gnu++0x";
				CLANG_CXX_LIBRARY = "libc++";
				CLANG_ENABLE_MODULES = YES;
				CLANG_ENABLE_OBJC_ARC = YES;
				CLANG_WARN_BOOL_CONVERSION = YES;
				CLANG_WARN_CONSTANT_CONVERSION = YES;
				CLANG_WARN_DIRECT_OBJC_ISA_USAGE = YES_ERROR;
				CLANG_WARN_EMPTY_BODY = YES;
				CLANG_WARN_ENUM_CONVERSION = YES;
				CLANG_WARN_INT_CONVERSION = YES;
				CLANG_WARN_OBJC_ROOT_CLASS = YES_ERROR;
				CLANG_WARN_UNREACHABLE_CODE = YES;
				CLANG_WARN__DUPLICATE_METHOD_MATCH = YES;
				CODE_SIGN_IDENTITY = "-";
				COPY_PHASE_STRIP = NO;
				DEBUG_INFORMATION_FORMAT = "dwarf-with-dsym";
				ENABLE_NS_ASSERTIONS = NO;
				ENABLE_STRICT_OBJC_MSGSEND = YES;
				GCC_C_LANGUAGE_STANDARD = gnu99;
				GCC_NO_COMMON_BLOCKS = YES;
				GCC_WARN_64_TO_32_BIT_CONVERSION = YES;
				GCC_WARN_ABOUT_RETURN_TYPE = YES_ERROR;
				GCC_WARN_UNDECLARED_SELECTOR = YES;
				GCC_WARN_UNINITIALIZED_AUTOS = YES_AGGRESSIVE;
				GCC_WARN_UNUSED_FUNCTION = YES;
				GCC_WARN_UNUSED_VARIABLE = YES;
				MACOSX_DEPLOYMENT_TARGET = 10.11;
				MTL_ENABLE_DEBUG_INFO = NO;
				SDKROOT = macosx;
			};
			name = Release;
		};
		9CF3BDC51C6CE06400F94AC4 /* Debug */ = {
			isa = XCBuildConfiguration;
			buildSettings = {
				PRODUCT_NAME = "$(TARGET_NAME)";
			};
			name = Debug;
		};
		9CF3BDC61C6CE06400F94AC4 /* Release */ = {
			isa = XCBuildConfiguration;
			buildSettings = {
				PRODUCT_NAME = "$(TARGET_NAME)";
			};
			name = Release;
		};
		9CF3BDD01C6CE13100F94AC4 /* Debug */ = {
			isa = XCBuildConfiguration;
			buildSettings = {
				PRODUCT_NAME = "$(TARGET_NAME)";
			};
			name = Debug;
		};
		9CF3BDD11C6CE13100F94AC4 /* Release */ = {
			isa = XCBuildConfiguration;
			buildSettings = {
				PRODUCT_NAME = "$(TARGET_NAME)";
			};
			name = Release;
		};
/* End XCBuildConfiguration section */

/* Begin XCConfigurationList section */
		9CF3BDB81C6CE06400F94AC4 /* Build configuration list for PBXProject "Pillar_Pair" */ = {
			isa = XCConfigurationList;
			buildConfigurations = (
				9CF3BDC21C6CE06400F94AC4 /* Debug */,
				9CF3BDC31C6CE06400F94AC4 /* Release */,
			);
			defaultConfigurationIsVisible = 0;
			defaultConfigurationName = Release;
		};
		9CF3BDC41C6CE06400F94AC4 /* Build configuration list for PBXNativeTarget "Pillar_Pair" */ = {
			isa = XCConfigurationList;
			buildConfigurations = (
				9CF3BDC51C6CE06400F94AC4 /* Debug */,
				9CF3BDC61C6CE06400F94AC4 /* Release */,
			);
			defaultConfigurationIsVisible = 0;
		};
		9CF3BDCF1C6CE13100F94AC4 /* Build configuration list for PBXNativeTarget "Tests" */ = {
			isa = XCConfigurationList;
			buildConfigurations = (
				9CF3BDD01C6CE13100F94AC4 /* Debug */,
				9CF3BDD11C6CE13100F94AC4 /* Release */,
			);
			defaultConfigurationIsVisible = 0;
		};
/* End XCConfigurationList section */
	};
	rootObject = 9CF3BDB51C6CE06400F94AC4 /* Project object */;
}
